// !$*UTF8*$!
{
	archiveVersion = 1;
	classes = {
	};
	objectVersion = 77;
	objects = {

/* Begin PBXBuildFile section */
		1A49631A2EECE45400C8D9F1 /* KeychainSwift in Frameworks */ = {isa = PBXBuildFile; productRef = 1A4963192EECE45400C8D9F1 /* KeychainSwift */; };
		1ADF59FC2EF1B08E004771F3 /* SwiftOTP in Frameworks */ = {isa = PBXBuildFile; productRef = 1ADF59FB2EF1B08E004771F3 /* SwiftOTP */; };
		1ADF5A182EF20634004771F3 /* KeyboardShortcuts in Frameworks */ = {isa = PBXBuildFile; productRef = 1ADF5A172EF20634004771F3 /* KeyboardShortcuts */; };
/* End PBXBuildFile section */

/* Begin PBXContainerItemProxy section */
		1A4962EB2EECBE3600C8D9F1 /* PBXContainerItemProxy */ = {
			isa = PBXContainerItemProxy;
			containerPortal = 1A4962D52EECBE3400C8D9F1 /* Project object */;
			proxyType = 1;
			remoteGlobalIDString = 1A4962DC2EECBE3400C8D9F1;
			remoteInfo = "vpn-indicator";
		};
		1A4962F52EECBE3600C8D9F1 /* PBXContainerItemProxy */ = {
			isa = PBXContainerItemProxy;
			containerPortal = 1A4962D52EECBE3400C8D9F1 /* Project object */;
			proxyType = 1;
			remoteGlobalIDString = 1A4962DC2EECBE3400C8D9F1;
			remoteInfo = "vpn-indicator";
		};
/* End PBXContainerItemProxy section */

/* Begin PBXFileReference section */
		1A4962DD2EECBE3400C8D9F1 /* vpn-indicator.app */ = {isa = PBXFileReference; explicitFileType = wrapper.application; includeInIndex = 0; path = "vpn-indicator.app"; sourceTree = BUILT_PRODUCTS_DIR; };
		1A4962EA2EECBE3600C8D9F1 /* vpn-indicatorTests.xctest */ = {isa = PBXFileReference; explicitFileType = wrapper.cfbundle; includeInIndex = 0; path = "vpn-indicatorTests.xctest"; sourceTree = BUILT_PRODUCTS_DIR; };
		1A4962F42EECBE3600C8D9F1 /* vpn-indicatorUITests.xctest */ = {isa = PBXFileReference; explicitFileType = wrapper.cfbundle; includeInIndex = 0; path = "vpn-indicatorUITests.xctest"; sourceTree = BUILT_PRODUCTS_DIR; };
/* End PBXFileReference section */

/* Begin PBXFileSystemSynchronizedRootGroup section */
		1A4962DF2EECBE3400C8D9F1 /* vpn-indicator */ = {
			isa = PBXFileSystemSynchronizedRootGroup;
			path = "vpn-indicator";
			sourceTree = "<group>";
		};
		1A4962ED2EECBE3600C8D9F1 /* vpn-indicatorTests */ = {
			isa = PBXFileSystemSynchronizedRootGroup;
			path = "vpn-indicatorTests";
			sourceTree = "<group>";
		};
		1A4962F72EECBE3600C8D9F1 /* vpn-indicatorUITests */ = {
			isa = PBXFileSystemSynchronizedRootGroup;
			path = "vpn-indicatorUITests";
			sourceTree = "<group>";
		};
/* End PBXFileSystemSynchronizedRootGroup section */

/* Begin PBXFrameworksBuildPhase section */
		1A4962DA2EECBE3400C8D9F1 /* Frameworks */ = {
			isa = PBXFrameworksBuildPhase;
			buildActionMask = 2147483647;
			files = (
				1ADF59FC2EF1B08E004771F3 /* SwiftOTP in Frameworks */,
				1A49631A2EECE45400C8D9F1 /* KeychainSwift in Frameworks */,
				1ADF5A182EF20634004771F3 /* KeyboardShortcuts in Frameworks */,
			);
			runOnlyForDeploymentPostprocessing = 0;
		};
		1A4962E72EECBE3600C8D9F1 /* Frameworks */ = {
			isa = PBXFrameworksBuildPhase;
			buildActionMask = 2147483647;
			files = (
			);
			runOnlyForDeploymentPostprocessing = 0;
		};
		1A4962F12EECBE3600C8D9F1 /* Frameworks */ = {
			isa = PBXFrameworksBuildPhase;
			buildActionMask = 2147483647;
			files = (
			);
			runOnlyForDeploymentPostprocessing = 0;
		};
/* End PBXFrameworksBuildPhase section */

/* Begin PBXGroup section */
		1A4962D42EECBE3400C8D9F1 = {
			isa = PBXGroup;
			children = (
				1A4962DF2EECBE3400C8D9F1 /* vpn-indicator */,
				1A4962ED2EECBE3600C8D9F1 /* vpn-indicatorTests */,
				1A4962F72EECBE3600C8D9F1 /* vpn-indicatorUITests */,
				1A4962DE2EECBE3400C8D9F1 /* Products */,
			);
			sourceTree = "<group>";
		};
		1A4962DE2EECBE3400C8D9F1 /* Products */ = {
			isa = PBXGroup;
			children = (
				1A4962DD2EECBE3400C8D9F1 /* vpn-indicator.app */,
				1A4962EA2EECBE3600C8D9F1 /* vpn-indicatorTests.xctest */,
				1A4962F42EECBE3600C8D9F1 /* vpn-indicatorUITests.xctest */,
			);
			name = Products;
			sourceTree = "<group>";
		};
/* End PBXGroup section */

/* Begin PBXNativeTarget section */
		1A4962DC2EECBE3400C8D9F1 /* vpn-indicator */ = {
			isa = PBXNativeTarget;
			buildConfigurationList = 1A4962FE2EECBE3600C8D9F1 /* Build configuration list for PBXNativeTarget "vpn-indicator" */;
			buildPhases = (
				1A4962D92EECBE3400C8D9F1 /* Sources */,
				1A4962DA2EECBE3400C8D9F1 /* Frameworks */,
				1A4962DB2EECBE3400C8D9F1 /* Resources */,
			);
			buildRules = (
			);
			dependencies = (
			);
			fileSystemSynchronizedGroups = (
				1A4962DF2EECBE3400C8D9F1 /* vpn-indicator */,
			);
			name = "vpn-indicator";
			packageProductDependencies = (
				1A4963192EECE45400C8D9F1 /* KeychainSwift */,
				1ADF59FB2EF1B08E004771F3 /* SwiftOTP */,
				1ADF5A172EF20634004771F3 /* KeyboardShortcuts */,
			);
			productName = "vpn-indicator";
			productReference = 1A4962DD2EECBE3400C8D9F1 /* vpn-indicator.app */;
			productType = "com.apple.product-type.application";
		};
		1A4962E92EECBE3600C8D9F1 /* vpn-indicatorTests */ = {
			isa = PBXNativeTarget;
			buildConfigurationList = 1A4963012EECBE3600C8D9F1 /* Build configuration list for PBXNativeTarget "vpn-indicatorTests" */;
			buildPhases = (
				1A4962E62EECBE3600C8D9F1 /* Sources */,
				1A4962E72EECBE3600C8D9F1 /* Frameworks */,
				1A4962E82EECBE3600C8D9F1 /* Resources */,
			);
			buildRules = (
			);
			dependencies = (
				1A4962EC2EECBE3600C8D9F1 /* PBXTargetDependency */,
			);
			fileSystemSynchronizedGroups = (
				1A4962ED2EECBE3600C8D9F1 /* vpn-indicatorTests */,
			);
			name = "vpn-indicatorTests";
			packageProductDependencies = (
			);
			productName = "vpn-indicatorTests";
			productReference = 1A4962EA2EECBE3600C8D9F1 /* vpn-indicatorTests.xctest */;
			productType = "com.apple.product-type.bundle.unit-test";
		};
		1A4962F32EECBE3600C8D9F1 /* vpn-indicatorUITests */ = {
			isa = PBXNativeTarget;
			buildConfigurationList = 1A4963042EECBE3600C8D9F1 /* Build configuration list for PBXNativeTarget "vpn-indicatorUITests" */;
			buildPhases = (
				1A4962F02EECBE3600C8D9F1 /* Sources */,
				1A4962F12EECBE3600C8D9F1 /* Frameworks */,
				1A4962F22EECBE3600C8D9F1 /* Resources */,
			);
			buildRules = (
			);
			dependencies = (
				1A4962F62EECBE3600C8D9F1 /* PBXTargetDependency */,
			);
			fileSystemSynchronizedGroups = (
				1A4962F72EECBE3600C8D9F1 /* vpn-indicatorUITests */,
			);
			name = "vpn-indicatorUITests";
			packageProductDependencies = (
			);
			productName = "vpn-indicatorUITests";
			productReference = 1A4962F42EECBE3600C8D9F1 /* vpn-indicatorUITests.xctest */;
			productType = "com.apple.product-type.bundle.ui-testing";
		};
/* End PBXNativeTarget section */

/* Begin PBXProject section */
		1A4962D52EECBE3400C8D9F1 /* Project object */ = {
			isa = PBXProject;
			attributes = {
				BuildIndependentTargetsInParallel = 1;
				LastSwiftUpdateCheck = 2610;
				LastUpgradeCheck = 2620;
				TargetAttributes = {
					1A4962DC2EECBE3400C8D9F1 = {
						CreatedOnToolsVersion = 26.1.1;
					};
					1A4962E92EECBE3600C8D9F1 = {
						CreatedOnToolsVersion = 26.1.1;
						TestTargetID = 1A4962DC2EECBE3400C8D9F1;
					};
					1A4962F32EECBE3600C8D9F1 = {
						CreatedOnToolsVersion = 26.1.1;
						TestTargetID = 1A4962DC2EECBE3400C8D9F1;
					};
				};
			};
			buildConfigurationList = 1A4962D82EECBE3400C8D9F1 /* Build configuration list for PBXProject "vpn-indicator" */;
			developmentRegion = en;
			hasScannedForEncodings = 0;
			knownRegions = (
				en,
				Base,
			);
			mainGroup = 1A4962D42EECBE3400C8D9F1;
			minimizedProjectReferenceProxies = 1;
			packageReferences = (
				1A4963182EECE43D00C8D9F1 /* XCRemoteSwiftPackageReference "keychain-swift" */,
				1ADF59FA2EF1B08E004771F3 /* XCRemoteSwiftPackageReference "SwiftOTP" */,
				1ADF5A162EF20634004771F3 /* XCRemoteSwiftPackageReference "KeyboardShortcuts" */,
			);
			preferredProjectObjectVersion = 77;
			productRefGroup = 1A4962DE2EECBE3400C8D9F1 /* Products */;
			projectDirPath = "";
			projectRoot = "";
			targets = (
				1A4962DC2EECBE3400C8D9F1 /* vpn-indicator */,
				1A4962E92EECBE3600C8D9F1 /* vpn-indicatorTests */,
				1A4962F32EECBE3600C8D9F1 /* vpn-indicatorUITests */,
			);
		};
/* End PBXProject section */

/* Begin PBXResourcesBuildPhase section */
		1A4962DB2EECBE3400C8D9F1 /* Resources */ = {
			isa = PBXResourcesBuildPhase;
			buildActionMask = 2147483647;
			files = (
			);
			runOnlyForDeploymentPostprocessing = 0;
		};
		1A4962E82EECBE3600C8D9F1 /* Resources */ = {
			isa = PBXResourcesBuildPhase;
			buildActionMask = 2147483647;
			files = (
			);
			runOnlyForDeploymentPostprocessing = 0;
		};
		1A4962F22EECBE3600C8D9F1 /* Resources */ = {
			isa = PBXResourcesBuildPhase;
			buildActionMask = 2147483647;
			files = (
			);
			runOnlyForDeploymentPostprocessing = 0;
		};
/* End PBXResourcesBuildPhase section */

/* Begin PBXSourcesBuildPhase section */
		1A4962D92EECBE3400C8D9F1 /* Sources */ = {
			isa = PBXSourcesBuildPhase;
			buildActionMask = 2147483647;
			files = (
			);
			runOnlyForDeploymentPostprocessing = 0;
		};
		1A4962E62EECBE3600C8D9F1 /* Sources */ = {
			isa = PBXSourcesBuildPhase;
			buildActionMask = 2147483647;
			files = (
			);
			runOnlyForDeploymentPostprocessing = 0;
		};
		1A4962F02EECBE3600C8D9F1 /* Sources */ = {
			isa = PBXSourcesBuildPhase;
			buildActionMask = 2147483647;
			files = (
			);
			runOnlyForDeploymentPostprocessing = 0;
		};
/* End PBXSourcesBuildPhase section */

/* Begin PBXTargetDependency section */
		1A4962EC2EECBE3600C8D9F1 /* PBXTargetDependency */ = {
			isa = PBXTargetDependency;
			target = 1A4962DC2EECBE3400C8D9F1 /* vpn-indicator */;
			targetProxy = 1A4962EB2EECBE3600C8D9F1 /* PBXContainerItemProxy */;
		};
		1A4962F62EECBE3600C8D9F1 /* PBXTargetDependency */ = {
			isa = PBXTargetDependency;
			target = 1A4962DC2EECBE3400C8D9F1 /* vpn-indicator */;
			targetProxy = 1A4962F52EECBE3600C8D9F1 /* PBXContainerItemProxy */;
		};
/* End PBXTargetDependency section */

/* Begin XCBuildConfiguration section */
		1A4962FC2EECBE3600C8D9F1 /* Debug */ = {
			isa = XCBuildConfiguration;
			buildSettings = {
				ALWAYS_SEARCH_USER_PATHS = NO;
				ASSETCATALOG_COMPILER_GENERATE_SWIFT_ASSET_SYMBOL_EXTENSIONS = YES;
				CLANG_ANALYZER_NONNULL = YES;
				CLANG_ANALYZER_NUMBER_OBJECT_CONVERSION = YES_AGGRESSIVE;
				CLANG_CXX_LANGUAGE_STANDARD = "gnu++20";
				CLANG_ENABLE_MODULES = YES;
				CLANG_ENABLE_OBJC_ARC = YES;
				CLANG_ENABLE_OBJC_WEAK = YES;
				CLANG_WARN_BLOCK_CAPTURE_AUTORELEASING = YES;
				CLANG_WARN_BOOL_CONVERSION = YES;
				CLANG_WARN_COMMA = YES;
				CLANG_WARN_CONSTANT_CONVERSION = YES;
				CLANG_WARN_DEPRECATED_OBJC_IMPLEMENTATIONS = YES;
				CLANG_WARN_DIRECT_OBJC_ISA_USAGE = YES_ERROR;
				CLANG_WARN_DOCUMENTATION_COMMENTS = YES;
				CLANG_WARN_EMPTY_BODY = YES;
				CLANG_WARN_ENUM_CONVERSION = YES;
				CLANG_WARN_INFINITE_RECURSION = YES;
				CLANG_WARN_INT_CONVERSION = YES;
				CLANG_WARN_NON_LITERAL_NULL_CONVERSION = YES;
				CLANG_WARN_OBJC_IMPLICIT_RETAIN_SELF = YES;
				CLANG_WARN_OBJC_LITERAL_CONVERSION = YES;
				CLANG_WARN_OBJC_ROOT_CLASS = YES_ERROR;
				CLANG_WARN_QUOTED_INCLUDE_IN_FRAMEWORK_HEADER = YES;
				CLANG_WARN_RANGE_LOOP_ANALYSIS = YES;
				CLANG_WARN_STRICT_PROTOTYPES = YES;
				CLANG_WARN_SUSPICIOUS_MOVE = YES;
				CLANG_WARN_UNGUARDED_AVAILABILITY = YES_AGGRESSIVE;
				CLANG_WARN_UNREACHABLE_CODE = YES;
				CLANG_WARN__DUPLICATE_METHOD_MATCH = YES;
				COPY_PHASE_STRIP = NO;
				DEAD_CODE_STRIPPING = YES;
				DEBUG_INFORMATION_FORMAT = dwarf;
				DEVELOPMENT_TEAM = 4RSFP7N4JZ;
				ENABLE_STRICT_OBJC_MSGSEND = YES;
				ENABLE_TESTABILITY = YES;
				ENABLE_USER_SCRIPT_SANDBOXING = YES;
				GCC_C_LANGUAGE_STANDARD = gnu17;
				GCC_DYNAMIC_NO_PIC = NO;
				GCC_NO_COMMON_BLOCKS = YES;
				GCC_OPTIMIZATION_LEVEL = 0;
				GCC_PREPROCESSOR_DEFINITIONS = (
					"DEBUG=1",
					"$(inherited)",
				);
				GCC_WARN_64_TO_32_BIT_CONVERSION = YES;
				GCC_WARN_ABOUT_RETURN_TYPE = YES_ERROR;
				GCC_WARN_UNDECLARED_SELECTOR = YES;
				GCC_WARN_UNINITIALIZED_AUTOS = YES_AGGRESSIVE;
				GCC_WARN_UNUSED_FUNCTION = YES;
				GCC_WARN_UNUSED_VARIABLE = YES;
				LOCALIZATION_PREFERS_STRING_CATALOGS = YES;
				MACOSX_DEPLOYMENT_TARGET = 26.1;
				MTL_ENABLE_DEBUG_INFO = INCLUDE_SOURCE;
				MTL_FAST_MATH = YES;
				ONLY_ACTIVE_ARCH = YES;
				SDKROOT = macosx;
				STRING_CATALOG_GENERATE_SYMBOLS = YES;
				SWIFT_ACTIVE_COMPILATION_CONDITIONS = "DEBUG $(inherited)";
				SWIFT_OPTIMIZATION_LEVEL = "-Onone";
			};
			name = Debug;
		};
		1A4962FD2EECBE3600C8D9F1 /* Release */ = {
			isa = XCBuildConfiguration;
			buildSettings = {
				ALWAYS_SEARCH_USER_PATHS = NO;
				ASSETCATALOG_COMPILER_GENERATE_SWIFT_ASSET_SYMBOL_EXTENSIONS = YES;
				CLANG_ANALYZER_NONNULL = YES;
				CLANG_ANALYZER_NUMBER_OBJECT_CONVERSION = YES_AGGRESSIVE;
				CLANG_CXX_LANGUAGE_STANDARD = "gnu++20";
				CLANG_ENABLE_MODULES = YES;
				CLANG_ENABLE_OBJC_ARC = YES;
				CLANG_ENABLE_OBJC_WEAK = YES;
				CLANG_WARN_BLOCK_CAPTURE_AUTORELEASING = YES;
				CLANG_WARN_BOOL_CONVERSION = YES;
				CLANG_WARN_COMMA = YES;
				CLANG_WARN_CONSTANT_CONVERSION = YES;
				CLANG_WARN_DEPRECATED_OBJC_IMPLEMENTATIONS = YES;
				CLANG_WARN_DIRECT_OBJC_ISA_USAGE = YES_ERROR;
				CLANG_WARN_DOCUMENTATION_COMMENTS = YES;
				CLANG_WARN_EMPTY_BODY = YES;
				CLANG_WARN_ENUM_CONVERSION = YES;
				CLANG_WARN_INFINITE_RECURSION = YES;
				CLANG_WARN_INT_CONVERSION = YES;
				CLANG_WARN_NON_LITERAL_NULL_CONVERSION = YES;
				CLANG_WARN_OBJC_IMPLICIT_RETAIN_SELF = YES;
				CLANG_WARN_OBJC_LITERAL_CONVERSION = YES;
				CLANG_WARN_OBJC_ROOT_CLASS = YES_ERROR;
				CLANG_WARN_QUOTED_INCLUDE_IN_FRAMEWORK_HEADER = YES;
				CLANG_WARN_RANGE_LOOP_ANALYSIS = YES;
				CLANG_WARN_STRICT_PROTOTYPES = YES;
				CLANG_WARN_SUSPICIOUS_MOVE = YES;
				CLANG_WARN_UNGUARDED_AVAILABILITY = YES_AGGRESSIVE;
				CLANG_WARN_UNREACHABLE_CODE = YES;
				CLANG_WARN__DUPLICATE_METHOD_MATCH = YES;
				COPY_PHASE_STRIP = NO;
				DEAD_CODE_STRIPPING = YES;
				DEBUG_INFORMATION_FORMAT = "dwarf-with-dsym";
				DEVELOPMENT_TEAM = 4RSFP7N4JZ;
				ENABLE_NS_ASSERTIONS = NO;
				ENABLE_STRICT_OBJC_MSGSEND = YES;
				ENABLE_USER_SCRIPT_SANDBOXING = YES;
				GCC_C_LANGUAGE_STANDARD = gnu17;
				GCC_NO_COMMON_BLOCKS = YES;
				GCC_WARN_64_TO_32_BIT_CONVERSION = YES;
				GCC_WARN_ABOUT_RETURN_TYPE = YES_ERROR;
				GCC_WARN_UNDECLARED_SELECTOR = YES;
				GCC_WARN_UNINITIALIZED_AUTOS = YES_AGGRESSIVE;
				GCC_WARN_UNUSED_FUNCTION = YES;
				GCC_WARN_UNUSED_VARIABLE = YES;
				LOCALIZATION_PREFERS_STRING_CATALOGS = YES;
				MACOSX_DEPLOYMENT_TARGET = 26.1;
				MTL_ENABLE_DEBUG_INFO = NO;
				MTL_FAST_MATH = YES;
				SDKROOT = macosx;
				STRING_CATALOG_GENERATE_SYMBOLS = YES;
				SWIFT_COMPILATION_MODE = wholemodule;
			};
			name = Release;
		};
		1A4962FF2EECBE3600C8D9F1 /* Debug */ = {
			isa = XCBuildConfiguration;
			buildSettings = {
				ASSETCATALOG_COMPILER_APPICON_NAME = AppIcon;
				ASSETCATALOG_COMPILER_GLOBAL_ACCENT_COLOR_NAME = AccentColor;
				"CODE_SIGN_IDENTITY[sdk=macosx*]" = "Apple Development";
				CODE_SIGN_STYLE = Automatic;
				COMBINE_HIDPI_IMAGES = YES;
				CURRENT_PROJECT_VERSION = 1;
				DEAD_CODE_STRIPPING = YES;
				DEVELOPMENT_TEAM = 4RSFP7N4JZ;
				ENABLE_APP_SANDBOX = NO;
				ENABLE_HARDENED_RUNTIME = YES;
				ENABLE_PREVIEWS = YES;
				ENABLE_USER_SCRIPT_SANDBOXING = NO;
				GENERATE_INFOPLIST_FILE = YES;
				INFOPLIST_KEY_LSUIElement = YES;
				INFOPLIST_KEY_NSHumanReadableCopyright = "";
				LD_RUNPATH_SEARCH_PATHS = (
					"$(inherited)",
					"@executable_path/../Frameworks",
				);
				MARKETING_VERSION = 1.0;
				PRODUCT_BUNDLE_IDENTIFIER = "pachuchi.vpn-indicator";
				PRODUCT_NAME = "$(TARGET_NAME)";
				REGISTER_APP_GROUPS = YES;
				STRING_CATALOG_GENERATE_SYMBOLS = YES;
				SWIFT_APPROACHABLE_CONCURRENCY = YES;
				SWIFT_DEFAULT_ACTOR_ISOLATION = MainActor;
				SWIFT_EMIT_LOC_STRINGS = YES;
				SWIFT_UPCOMING_FEATURE_MEMBER_IMPORT_VISIBILITY = YES;
				SWIFT_VERSION = 5.0;
			};
			name = Debug;
		};
		1A4963002EECBE3600C8D9F1 /* Release */ = {
			isa = XCBuildConfiguration;
			buildSettings = {
				ASSETCATALOG_COMPILER_APPICON_NAME = AppIcon;
				ASSETCATALOG_COMPILER_GLOBAL_ACCENT_COLOR_NAME = AccentColor;
				"CODE_SIGN_IDENTITY[sdk=macosx*]" = "Apple Development";
				CODE_SIGN_STYLE = Automatic;
				COMBINE_HIDPI_IMAGES = YES;
				CURRENT_PROJECT_VERSION = 1;
				DEAD_CODE_STRIPPING = YES;
				DEVELOPMENT_TEAM = 4RSFP7N4JZ;
				ENABLE_APP_SANDBOX = NO;
				ENABLE_HARDENED_RUNTIME = YES;
				ENABLE_PREVIEWS = YES;
				ENABLE_USER_SCRIPT_SANDBOXING = NO;
				GENERATE_INFOPLIST_FILE = YES;
				INFOPLIST_KEY_LSUIElement = YES;
				INFOPLIST_KEY_NSHumanReadableCopyright = "";
				LD_RUNPATH_SEARCH_PATHS = (
					"$(inherited)",
					"@executable_path/../Frameworks",
				);
				MARKETING_VERSION = 1.0;
				PRODUCT_BUNDLE_IDENTIFIER = "pachuchi.vpn-indicator";
				PRODUCT_NAME = "$(TARGET_NAME)";
				REGISTER_APP_GROUPS = YES;
				STRING_CATALOG_GENERATE_SYMBOLS = YES;
				SWIFT_APPROACHABLE_CONCURRENCY = YES;
				SWIFT_DEFAULT_ACTOR_ISOLATION = MainActor;
				SWIFT_EMIT_LOC_STRINGS = YES;
				SWIFT_UPCOMING_FEATURE_MEMBER_IMPORT_VISIBILITY = YES;
				SWIFT_VERSION = 5.0;
			};
			name = Release;
		};
		1A4963022EECBE3600C8D9F1 /* Debug */ = {
			isa = XCBuildConfiguration;
			buildSettings = {
				BUNDLE_LOADER = "$(TEST_HOST)";
				CODE_SIGN_STYLE = Automatic;
				CURRENT_PROJECT_VERSION = 1;
				DEAD_CODE_STRIPPING = YES;
				DEVELOPMENT_TEAM = 4RSFP7N4JZ;
				GENERATE_INFOPLIST_FILE = YES;
				MACOSX_DEPLOYMENT_TARGET = 26.1;
				MARKETING_VERSION = 1.0;
				PRODUCT_BUNDLE_IDENTIFIER = "pachuchi.vpn-indicatorTests";
				PRODUCT_NAME = "$(TARGET_NAME)";
				STRING_CATALOG_GENERATE_SYMBOLS = NO;
				SWIFT_APPROACHABLE_CONCURRENCY = YES;
				SWIFT_EMIT_LOC_STRINGS = NO;
				SWIFT_UPCOMING_FEATURE_MEMBER_IMPORT_VISIBILITY = YES;
				SWIFT_VERSION = 5.0;
				TEST_HOST = "$(BUILT_PRODUCTS_DIR)/vpn-indicator.app/$(BUNDLE_EXECUTABLE_FOLDER_PATH)/vpn-indicator";
			};
			name = Debug;
		};
		1A4963032EECBE3600C8D9F1 /* Release */ = {
			isa = XCBuildConfiguration;
			buildSettings = {
				BUNDLE_LOADER = "$(TEST_HOST)";
				CODE_SIGN_STYLE = Automatic;
				CURRENT_PROJECT_VERSION = 1;
				DEAD_CODE_STRIPPING = YES;
				DEVELOPMENT_TEAM = 4RSFP7N4JZ;
				GENERATE_INFOPLIST_FILE = YES;
				MACOSX_DEPLOYMENT_TARGET = 26.1;
				MARKETING_VERSION = 1.0;
				PRODUCT_BUNDLE_IDENTIFIER = "pachuchi.vpn-indicatorTests";
				PRODUCT_NAME = "$(TARGET_NAME)";
				STRING_CATALOG_GENERATE_SYMBOLS = NO;
				SWIFT_APPROACHABLE_CONCURRENCY = YES;
				SWIFT_EMIT_LOC_STRINGS = NO;
				SWIFT_UPCOMING_FEATURE_MEMBER_IMPORT_VISIBILITY = YES;
				SWIFT_VERSION = 5.0;
				TEST_HOST = "$(BUILT_PRODUCTS_DIR)/vpn-indicator.app/$(BUNDLE_EXECUTABLE_FOLDER_PATH)/vpn-indicator";
			};
			name = Release;
		};
		1A4963052EECBE3600C8D9F1 /* Debug */ = {
			isa = XCBuildConfiguration;
			buildSettings = {
				CODE_SIGN_STYLE = Automatic;
				CURRENT_PROJECT_VERSION = 1;
				DEAD_CODE_STRIPPING = YES;
				DEVELOPMENT_TEAM = 4RSFP7N4JZ;
				GENERATE_INFOPLIST_FILE = YES;
				MARKETING_VERSION = 1.0;
				PRODUCT_BUNDLE_IDENTIFIER = "pachuchi.vpn-indicatorUITests";
				PRODUCT_NAME = "$(TARGET_NAME)";
				STRING_CATALOG_GENERATE_SYMBOLS = NO;
				SWIFT_APPROACHABLE_CONCURRENCY = YES;
				SWIFT_EMIT_LOC_STRINGS = NO;
				SWIFT_UPCOMING_FEATURE_MEMBER_IMPORT_VISIBILITY = YES;
				SWIFT_VERSION = 5.0;
				TEST_TARGET_NAME = "vpn-indicator";
			};
			name = Debug;
		};
		1A4963062EECBE3600C8D9F1 /* Release */ = {
			isa = XCBuildConfiguration;
			buildSettings = {
				CODE_SIGN_STYLE = Automatic;
				CURRENT_PROJECT_VERSION = 1;
				DEAD_CODE_STRIPPING = YES;
				DEVELOPMENT_TEAM = 4RSFP7N4JZ;
				GENERATE_INFOPLIST_FILE = YES;
				MARKETING_VERSION = 1.0;
				PRODUCT_BUNDLE_IDENTIFIER = "pachuchi.vpn-indicatorUITests";
				PRODUCT_NAME = "$(TARGET_NAME)";
				STRING_CATALOG_GENERATE_SYMBOLS = NO;
				SWIFT_APPROACHABLE_CONCURRENCY = YES;
				SWIFT_EMIT_LOC_STRINGS = NO;
				SWIFT_UPCOMING_FEATURE_MEMBER_IMPORT_VISIBILITY = YES;
				SWIFT_VERSION = 5.0;
				TEST_TARGET_NAME = "vpn-indicator";
			};
			name = Release;
		};
/* End XCBuildConfiguration section */

/* Begin XCConfigurationList section */
		1A4962D82EECBE3400C8D9F1 /* Build configuration list for PBXProject "vpn-indicator" */ = {
			isa = XCConfigurationList;
			buildConfigurations = (
				1A4962FC2EECBE3600C8D9F1 /* Debug */,
				1A4962FD2EECBE3600C8D9F1 /* Release */,
			);
			defaultConfigurationIsVisible = 0;
			defaultConfigurationName = Release;
		};
		1A4962FE2EECBE3600C8D9F1 /* Build configuration list for PBXNativeTarget "vpn-indicator" */ = {
			isa = XCConfigurationList;
			buildConfigurations = (
				1A4962FF2EECBE3600C8D9F1 /* Debug */,
				1A4963002EECBE3600C8D9F1 /* Release */,
			);
			defaultConfigurationIsVisible = 0;
			defaultConfigurationName = Release;
		};
		1A4963012EECBE3600C8D9F1 /* Build configuration list for PBXNativeTarget "vpn-indicatorTests" */ = {
			isa = XCConfigurationList;
			buildConfigurations = (
				1A4963022EECBE3600C8D9F1 /* Debug */,
				1A4963032EECBE3600C8D9F1 /* Release */,
			);
			defaultConfigurationIsVisible = 0;
			defaultConfigurationName = Release;
		};
		1A4963042EECBE3600C8D9F1 /* Build configuration list for PBXNativeTarget "vpn-indicatorUITests" */ = {
			isa = XCConfigurationList;
			buildConfigurations = (
				1A4963052EECBE3600C8D9F1 /* Debug */,
				1A4963062EECBE3600C8D9F1 /* Release */,
			);
			defaultConfigurationIsVisible = 0;
			defaultConfigurationName = Release;
		};
/* End XCConfigurationList section */

/* Begin XCRemoteSwiftPackageReference section */
		1A4963182EECE43D00C8D9F1 /* XCRemoteSwiftPackageReference "keychain-swift" */ = {
			isa = XCRemoteSwiftPackageReference;
			repositoryURL = "https://github.com/evgenyneu/keychain-swift.git";
			requirement = {
				kind = upToNextMajorVersion;
				minimumVersion = 24.0.0;
			};
		};
		1ADF59FA2EF1B08E004771F3 /* XCRemoteSwiftPackageReference "SwiftOTP" */ = {
			isa = XCRemoteSwiftPackageReference;
			repositoryURL = "https://github.com/lachlanbell/SwiftOTP.git";
			requirement = {
				kind = upToNextMajorVersion;
				minimumVersion = 3.0.2;
			};
		};
		1ADF5A162EF20634004771F3 /* XCRemoteSwiftPackageReference "KeyboardShortcuts" */ = {
			isa = XCRemoteSwiftPackageReference;
			repositoryURL = "https://github.com/sindresorhus/KeyboardShortcuts";
			requirement = {
				kind = upToNextMajorVersion;
				minimumVersion = 2.4.0;
			};
		};
/* End XCRemoteSwiftPackageReference section */

/* Begin XCSwiftPackageProductDependency section */
		1A4963192EECE45400C8D9F1 /* KeychainSwift */ = {
			isa = XCSwiftPackageProductDependency;
			package = 1A4963182EECE43D00C8D9F1 /* XCRemoteSwiftPackageReference "keychain-swift" */;
			productName = KeychainSwift;
		};
		1ADF59FB2EF1B08E004771F3 /* SwiftOTP */ = {
			isa = XCSwiftPackageProductDependency;
			package = 1ADF59FA2EF1B08E004771F3 /* XCRemoteSwiftPackageReference "SwiftOTP" */;
			productName = SwiftOTP;
		};
		1ADF5A172EF20634004771F3 /* KeyboardShortcuts */ = {
			isa = XCSwiftPackageProductDependency;
			package = 1ADF5A162EF20634004771F3 /* XCRemoteSwiftPackageReference "KeyboardShortcuts" */;
			productName = KeyboardShortcuts;
		};
/* End XCSwiftPackageProductDependency section */
	};
	rootObject = 1A4962D52EECBE3400C8D9F1 /* Project object */;
}
